// !$*UTF8*$!
{
	archiveVersion = 1;
	classes = {
	};
	objectVersion = 51;
	objects = {

/* Begin PBXBuildFile section */
		182F07A223D75E2800DE17AE /* AppDelegate.swift in Sources */ = {isa = PBXBuildFile; fileRef = 182F07A123D75E2800DE17AE /* AppDelegate.swift */; };
		182F07A623D75E2800DE17AE /* ViewController.swift in Sources */ = {isa = PBXBuildFile; fileRef = 182F07A523D75E2800DE17AE /* ViewController.swift */; };
		182F07AB23D75E2900DE17AE /* Assets.xcassets in Resources */ = {isa = PBXBuildFile; fileRef = 182F07AA23D75E2900DE17AE /* Assets.xcassets */; };
		182F07AE23D75E2900DE17AE /* LaunchScreen.storyboard in Resources */ = {isa = PBXBuildFile; fileRef = 182F07AC23D75E2900DE17AE /* LaunchScreen.storyboard */; };
		34A627EB0003146E02B443BA /* Pods_NAExtensionsTest.framework in Frameworks */ = {isa = PBXBuildFile; fileRef = 4A94912082D90AC3FBE65AFB /* Pods_NAExtensionsTest.framework */; };
/* End PBXBuildFile section */

/* Begin PBXFileReference section */
		182F079E23D75E2800DE17AE /* NAExtensionsTest.app */ = {isa = PBXFileReference; explicitFileType = wrapper.application; includeInIndex = 0; path = NAExtensionsTest.app; sourceTree = BUILT_PRODUCTS_DIR; };
		182F07A123D75E2800DE17AE /* AppDelegate.swift */ = {isa = PBXFileReference; lastKnownFileType = sourcecode.swift; path = AppDelegate.swift; sourceTree = "<group>"; };
		182F07A523D75E2800DE17AE /* ViewController.swift */ = {isa = PBXFileReference; lastKnownFileType = sourcecode.swift; path = ViewController.swift; sourceTree = "<group>"; };
		182F07AA23D75E2900DE17AE /* Assets.xcassets */ = {isa = PBXFileReference; lastKnownFileType = folder.assetcatalog; path = Assets.xcassets; sourceTree = "<group>"; };
		182F07AD23D75E2900DE17AE /* Base */ = {isa = PBXFileReference; lastKnownFileType = file.storyboard; name = Base; path = Base.lproj/LaunchScreen.storyboard; sourceTree = "<group>"; };
		182F07AF23D75E2900DE17AE /* Info.plist */ = {isa = PBXFileReference; lastKnownFileType = text.plist.xml; path = Info.plist; sourceTree = "<group>"; };
		3B82C88D0AD897473B6DDB4C /* Pods-NAExtensionsTest.debug.xcconfig */ = {isa = PBXFileReference; includeInIndex = 1; lastKnownFileType = text.xcconfig; name = "Pods-NAExtensionsTest.debug.xcconfig"; path = "Target Support Files/Pods-NAExtensionsTest/Pods-NAExtensionsTest.debug.xcconfig"; sourceTree = "<group>"; };
		4A94912082D90AC3FBE65AFB /* Pods_NAExtensionsTest.framework */ = {isa = PBXFileReference; explicitFileType = wrapper.framework; includeInIndex = 0; path = Pods_NAExtensionsTest.framework; sourceTree = BUILT_PRODUCTS_DIR; };
		7CE347F989AC560D412AD4FB /* Pods-NAExtensionsTest.release.xcconfig */ = {isa = PBXFileReference; includeInIndex = 1; lastKnownFileType = text.xcconfig; name = "Pods-NAExtensionsTest.release.xcconfig"; path = "Target Support Files/Pods-NAExtensionsTest/Pods-NAExtensionsTest.release.xcconfig"; sourceTree = "<group>"; };
/* End PBXFileReference section */

/* Begin PBXFrameworksBuildPhase section */
		182F079B23D75E2800DE17AE /* Frameworks */ = {
			isa = PBXFrameworksBuildPhase;
			buildActionMask = 2147483647;
			files = (
				34A627EB0003146E02B443BA /* Pods_NAExtensionsTest.framework in Frameworks */,
			);
			runOnlyForDeploymentPostprocessing = 0;
		};
/* End PBXFrameworksBuildPhase section */

/* Begin PBXGroup section */
		182F079523D75E2800DE17AE = {
			isa = PBXGroup;
			children = (
				182F07A023D75E2800DE17AE /* NAExtensionsTest */,
				182F079F23D75E2800DE17AE /* Products */,
				5056DA648E16EE3C1BED2A44 /* Pods */,
				F74AD954B65313DDBB2682A5 /* Frameworks */,
			);
			sourceTree = "<group>";
		};
		182F079F23D75E2800DE17AE /* Products */ = {
			isa = PBXGroup;
			children = (
				182F079E23D75E2800DE17AE /* NAExtensionsTest.app */,
			);
			name = Products;
			sourceTree = "<group>";
		};
		182F07A023D75E2800DE17AE /* NAExtensionsTest */ = {
			isa = PBXGroup;
			children = (
				182F07A123D75E2800DE17AE /* AppDelegate.swift */,
				182F07A523D75E2800DE17AE /* ViewController.swift */,
				182F07AA23D75E2900DE17AE /* Assets.xcassets */,
				182F07AC23D75E2900DE17AE /* LaunchScreen.storyboard */,
				182F07AF23D75E2900DE17AE /* Info.plist */,
			);
			path = NAExtensionsTest;
			sourceTree = "<group>";
		};
		5056DA648E16EE3C1BED2A44 /* Pods */ = {
			isa = PBXGroup;
			children = (
				3B82C88D0AD897473B6DDB4C /* Pods-NAExtensionsTest.debug.xcconfig */,
				7CE347F989AC560D412AD4FB /* Pods-NAExtensionsTest.release.xcconfig */,
			);
			path = Pods;
			sourceTree = "<group>";
		};
		F74AD954B65313DDBB2682A5 /* Frameworks */ = {
			isa = PBXGroup;
			children = (
				4A94912082D90AC3FBE65AFB /* Pods_NAExtensionsTest.framework */,
			);
			name = Frameworks;
			sourceTree = "<group>";
		};
/* End PBXGroup section */

/* Begin PBXNativeTarget section */
		182F079D23D75E2800DE17AE /* NAExtensionsTest */ = {
			isa = PBXNativeTarget;
			buildConfigurationList = 182F07B223D75E2900DE17AE /* Build configuration list for PBXNativeTarget "NAExtensionsTest" */;
			buildPhases = (
				2FD936BD768F70282CFF21E3 /* [CP] Check Pods Manifest.lock */,
				182F079A23D75E2800DE17AE /* Sources */,
				182F079B23D75E2800DE17AE /* Frameworks */,
				182F079C23D75E2800DE17AE /* Resources */,
				39DCE25C53B74BE7BAFC7EB5 /* [CP] Embed Pods Frameworks */,
			);
			buildRules = (
			);
			dependencies = (
			);
			name = NAExtensionsTest;
			productName = NAExtensionsTest;
			productReference = 182F079E23D75E2800DE17AE /* NAExtensionsTest.app */;
			productType = "com.apple.product-type.application";
		};
/* End PBXNativeTarget section */

/* Begin PBXProject section */
		182F079623D75E2800DE17AE /* Project object */ = {
			isa = PBXProject;
			attributes = {
				LastSwiftUpdateCheck = 1130;
				LastUpgradeCheck = 1130;
				ORGANIZATIONNAME = "Nitin A";
				TargetAttributes = {
					182F079D23D75E2800DE17AE = {
						CreatedOnToolsVersion = 11.3.1;
					};
				};
			};
			buildConfigurationList = 182F079923D75E2800DE17AE /* Build configuration list for PBXProject "NAExtensionsTest" */;
			compatibilityVersion = "Xcode 9.3";
			developmentRegion = en;
			hasScannedForEncodings = 0;
			knownRegions = (
				en,
				Base,
			);
			mainGroup = 182F079523D75E2800DE17AE;
			productRefGroup = 182F079F23D75E2800DE17AE /* Products */;
			projectDirPath = "";
			projectRoot = "";
			targets = (
				182F079D23D75E2800DE17AE /* NAExtensionsTest */,
			);
		};
/* End PBXProject section */

/* Begin PBXResourcesBuildPhase section */
		182F079C23D75E2800DE17AE /* Resources */ = {
			isa = PBXResourcesBuildPhase;
			buildActionMask = 2147483647;
			files = (
				182F07AE23D75E2900DE17AE /* LaunchScreen.storyboard in Resources */,
				182F07AB23D75E2900DE17AE /* Assets.xcassets in Resources */,
			);
			runOnlyForDeploymentPostprocessing = 0;
		};
/* End PBXResourcesBuildPhase section */

/* Begin PBXShellScriptBuildPhase section */
		2FD936BD768F70282CFF21E3 /* [CP] Check Pods Manifest.lock */ = {
			isa = PBXShellScriptBuildPhase;
			buildActionMask = 2147483647;
			files = (
			);
			inputFileListPaths = (
			);
			inputPaths = (
				"${PODS_PODFILE_DIR_PATH}/Podfile.lock",
				"${PODS_ROOT}/Manifest.lock",
			);
			name = "[CP] Check Pods Manifest.lock";
			outputFileListPaths = (
			);
			outputPaths = (
				"$(DERIVED_FILE_DIR)/Pods-NAExtensionsTest-checkManifestLockResult.txt",
			);
			runOnlyForDeploymentPostprocessing = 0;
			shellPath = /bin/sh;
			shellScript = "diff \"${PODS_PODFILE_DIR_PATH}/Podfile.lock\" \"${PODS_ROOT}/Manifest.lock\" > /dev/null\nif [ $? != 0 ] ; then\n    # print error to STDERR\n    echo \"error: The sandbox is not in sync with the Podfile.lock. Run 'pod install' or update your CocoaPods installation.\" >&2\n    exit 1\nfi\n# This output is used by Xcode 'outputs' to avoid re-running this script phase.\necho \"SUCCESS\" > \"${SCRIPT_OUTPUT_FILE_0}\"\n";
			showEnvVarsInLog = 0;
		};
		39DCE25C53B74BE7BAFC7EB5 /* [CP] Embed Pods Frameworks */ = {
			isa = PBXShellScriptBuildPhase;
			buildActionMask = 2147483647;
			files = (
			);
			inputFileListPaths = (
				"${PODS_ROOT}/Target Support Files/Pods-NAExtensionsTest/Pods-NAExtensionsTest-frameworks-${CONFIGURATION}-input-files.xcfilelist",
			);
			name = "[CP] Embed Pods Frameworks";
			outputFileListPaths = (
				"${PODS_ROOT}/Target Support Files/Pods-NAExtensionsTest/Pods-NAExtensionsTest-frameworks-${CONFIGURATION}-output-files.xcfilelist",
			);
			runOnlyForDeploymentPostprocessing = 0;
			shellPath = /bin/sh;
			shellScript = "\"${PODS_ROOT}/Target Support Files/Pods-NAExtensionsTest/Pods-NAExtensionsTest-frameworks.sh\"\n";
			showEnvVarsInLog = 0;
		};
/* End PBXShellScriptBuildPhase section */

/* Begin PBXSourcesBuildPhase section */
		182F079A23D75E2800DE17AE /* Sources */ = {
			isa = PBXSourcesBuildPhase;
			buildActionMask = 2147483647;
			files = (
				182F07A623D75E2800DE17AE /* ViewController.swift in Sources */,
				182F07A223D75E2800DE17AE /* AppDelegate.swift in Sources */,
			);
			runOnlyForDeploymentPostprocessing = 0;
		};
/* End PBXSourcesBuildPhase section */

/* Begin PBXVariantGroup section */
		182F07AC23D75E2900DE17AE /* LaunchScreen.storyboard */ = {
			isa = PBXVariantGroup;
			children = (
				182F07AD23D75E2900DE17AE /* Base */,
			);
			name = LaunchScreen.storyboard;
			sourceTree = "<group>";
		};
/* End PBXVariantGroup section */

/* Begin XCBuildConfiguration section */
		182F07B023D75E2900DE17AE /* Debug */ = {
			isa = XCBuildConfiguration;
			buildSettings = {
				ALWAYS_SEARCH_USER_PATHS = NO;
				CLANG_ANALYZER_NONNULL = YES;
				CLANG_ANALYZER_NUMBER_OBJECT_CONVERSION = YES_AGGRESSIVE;
				CLANG_CXX_LANGUAGE_STANDARD = "gnu++14";
				CLANG_CXX_LIBRARY = "libc++";
				CLANG_ENABLE_MODULES = YES;
				CLANG_ENABLE_OBJC_ARC = YES;
				CLANG_ENABLE_OBJC_WEAK = YES;
				CLANG_WARN_BLOCK_CAPTURE_AUTORELEASING = YES;
				CLANG_WARN_BOOL_CONVERSION = YES;
				CLANG_WARN_COMMA = YES;
				CLANG_WARN_CONSTANT_CONVERSION = YES;
				CLANG_WARN_DEPRECATED_OBJC_IMPLEMENTATIONS = YES;
				CLANG_WARN_DIRECT_OBJC_ISA_USAGE = YES_ERROR;
				CLANG_WARN_DOCUMENTATION_COMMENTS = YES;
				CLANG_WARN_EMPTY_BODY = YES;
				CLANG_WARN_ENUM_CONVERSION = YES;
				CLANG_WARN_INFINITE_RECURSION = YES;
				CLANG_WARN_INT_CONVERSION = YES;
				CLANG_WARN_NON_LITERAL_NULL_CONVERSION = YES;
				CLANG_WARN_OBJC_IMPLICIT_RETAIN_SELF = YES;
				CLANG_WARN_OBJC_LITERAL_CONVERSION = YES;
				CLANG_WARN_OBJC_ROOT_CLASS = YES_ERROR;
				CLANG_WARN_RANGE_LOOP_ANALYSIS = YES;
				CLANG_WARN_STRICT_PROTOTYPES = YES;
				CLANG_WARN_SUSPICIOUS_MOVE = YES;
				CLANG_WARN_UNGUARDED_AVAILABILITY = YES_AGGRESSIVE;
				CLANG_WARN_UNREACHABLE_CODE = YES;
				CLANG_WARN__DUPLICATE_METHOD_MATCH = YES;
				COPY_PHASE_STRIP = NO;
				DEBUG_INFORMATION_FORMAT = dwarf;
				ENABLE_STRICT_OBJC_MSGSEND = YES;
				ENABLE_TESTABILITY = YES;
				GCC_C_LANGUAGE_STANDARD = gnu11;
				GCC_DYNAMIC_NO_PIC = NO;
				GCC_NO_COMMON_BLOCKS = YES;
				GCC_OPTIMIZATION_LEVEL = 0;
				GCC_PREPROCESSOR_DEFINITIONS = (
					"DEBUG=1",
					"$(inherited)",
				);
				GCC_WARN_64_TO_32_BIT_CONVERSION = YES;
				GCC_WARN_ABOUT_RETURN_TYPE = YES_ERROR;
				GCC_WARN_UNDECLARED_SELECTOR = YES;
				GCC_WARN_UNINITIALIZED_AUTOS = YES_AGGRESSIVE;
				GCC_WARN_UNUSED_FUNCTION = YES;
				GCC_WARN_UNUSED_VARIABLE = YES;
				IPHONEOS_DEPLOYMENT_TARGET = 13.2;
				MTL_ENABLE_DEBUG_INFO = INCLUDE_SOURCE;
				MTL_FAST_MATH = YES;
				ONLY_ACTIVE_ARCH = YES;
				SDKROOT = iphoneos;
				SWIFT_ACTIVE_COMPILATION_CONDITIONS = DEBUG;
				SWIFT_OPTIMIZATION_LEVEL = "-Onone";
			};
			name = Debug;
		};
		182F07B123D75E2900DE17AE /* Release */ = {
			isa = XCBuildConfiguration;
			buildSettings = {
				ALWAYS_SEARCH_USER_PATHS = NO;
				CLANG_ANALYZER_NONNULL = YES;
				CLANG_ANALYZER_NUMBER_OBJECT_CONVERSION = YES_AGGRESSIVE;
				CLANG_CXX_LANGUAGE_STANDARD = "gnu++14";
				CLANG_CXX_LIBRARY = "libc++";
				CLANG_ENABLE_MODULES = YES;
				CLANG_ENABLE_OBJC_ARC = YES;
				CLANG_ENABLE_OBJC_WEAK = YES;
				CLANG_WARN_BLOCK_CAPTURE_AUTORELEASING = YES;
				CLANG_WARN_BOOL_CONVERSION = YES;
				CLANG_WARN_COMMA = YES;
				CLANG_WARN_CONSTANT_CONVERSION = YES;
				CLANG_WARN_DEPRECATED_OBJC_IMPLEMENTATIONS = YES;
				CLANG_WARN_DIRECT_OBJC_ISA_USAGE = YES_ERROR;
				CLANG_WARN_DOCUMENTATION_COMMENTS = YES;
				CLANG_WARN_EMPTY_BODY = YES;
				CLANG_WARN_ENUM_CONVERSION = YES;
				CLANG_WARN_INFINITE_RECURSION = YES;
				CLANG_WARN_INT_CONVERSION = YES;
				CLANG_WARN_NON_LITERAL_NULL_CONVERSION = YES;
				CLANG_WARN_OBJC_IMPLICIT_RETAIN_SELF = YES;
				CLANG_WARN_OBJC_LITERAL_CONVERSION = YES;
				CLANG_WARN_OBJC_ROOT_CLASS = YES_ERROR;
				CLANG_WARN_RANGE_LOOP_ANALYSIS = YES;
				CLANG_WARN_STRICT_PROTOTYPES = YES;
				CLANG_WARN_SUSPICIOUS_MOVE = YES;
				CLANG_WARN_UNGUARDED_AVAILABILITY = YES_AGGRESSIVE;
				CLANG_WARN_UNREACHABLE_CODE = YES;
				CLANG_WARN__DUPLICATE_METHOD_MATCH = YES;
				COPY_PHASE_STRIP = NO;
				DEBUG_INFORMATION_FORMAT = "dwarf-with-dsym";
				ENABLE_NS_ASSERTIONS = NO;
				ENABLE_STRICT_OBJC_MSGSEND = YES;
				GCC_C_LANGUAGE_STANDARD = gnu11;
				GCC_NO_COMMON_BLOCKS = YES;
				GCC_WARN_64_TO_32_BIT_CONVERSION = YES;
				GCC_WARN_ABOUT_RETURN_TYPE = YES_ERROR;
				GCC_WARN_UNDECLARED_SELECTOR = YES;
				GCC_WARN_UNINITIALIZED_AUTOS = YES_AGGRESSIVE;
				GCC_WARN_UNUSED_FUNCTION = YES;
				GCC_WARN_UNUSED_VARIABLE = YES;
				IPHONEOS_DEPLOYMENT_TARGET = 13.2;
				MTL_ENABLE_DEBUG_INFO = NO;
				MTL_FAST_MATH = YES;
				SDKROOT = iphoneos;
				SWIFT_COMPILATION_MODE = wholemodule;
				SWIFT_OPTIMIZATION_LEVEL = "-O";
				VALIDATE_PRODUCT = YES;
			};
			name = Release;
		};
		182F07B323D75E2900DE17AE /* Debug */ = {
			isa = XCBuildConfiguration;
			baseConfigurationReference = 3B82C88D0AD897473B6DDB4C /* Pods-NAExtensionsTest.debug.xcconfig */;
			buildSettings = {
				ASSETCATALOG_COMPILER_APPICON_NAME = AppIcon;
				CODE_SIGN_STYLE = Automatic;
				INFOPLIST_FILE = NAExtensionsTest/Info.plist;
				IPHONEOS_DEPLOYMENT_TARGET = 12.0;
				LD_RUNPATH_SEARCH_PATHS = (
					"$(inherited)",
					"@executable_path/Frameworks",
				);
				PRODUCT_BUNDLE_IDENTIFIER = com.app.demo.NAExtensionsTest;
				PRODUCT_NAME = "$(TARGET_NAME)";
				SWIFT_VERSION = 5.0;
				TARGETED_DEVICE_FAMILY = 1;
			};
			name = Debug;
		};
		182F07B423D75E2900DE17AE /* Release */ = {
			isa = XCBuildConfiguration;
			baseConfigurationReference = 7CE347F989AC560D412AD4FB /* Pods-NAExtensionsTest.release.xcconfig */;
			buildSettings = {
				ASSETCATALOG_COMPILER_APPICON_NAME = AppIcon;
				CODE_SIGN_STYLE = Automatic;
				INFOPLIST_FILE = NAExtensionsTest/Info.plist;
				IPHONEOS_DEPLOYMENT_TARGET = 12.0;
				LD_RUNPATH_SEARCH_PATHS = (
					"$(inherited)",
					"@executable_path/Frameworks",
				);
				PRODUCT_BUNDLE_IDENTIFIER = com.app.demo.NAExtensionsTest;
				PRODUCT_NAME = "$(TARGET_NAME)";
				SWIFT_VERSION = 5.0;
				TARGETED_DEVICE_FAMILY = 1;
			};
			name = Release;
		};
/* End XCBuildConfiguration section */

/* Begin XCConfigurationList section */
		182F079923D75E2800DE17AE /* Build configuration list for PBXProject "NAExtensionsTest" */ = {
			isa = XCConfigurationList;
			buildConfigurations = (
				182F07B023D75E2900DE17AE /* Debug */,
				182F07B123D75E2900DE17AE /* Release */,
			);
			defaultConfigurationIsVisible = 0;
			defaultConfigurationName = Release;
		};
		182F07B223D75E2900DE17AE /* Build configuration list for PBXNativeTarget "NAExtensionsTest" */ = {
			isa = XCConfigurationList;
			buildConfigurations = (
				182F07B323D75E2900DE17AE /* Debug */,
				182F07B423D75E2900DE17AE /* Release */,
			);
			defaultConfigurationIsVisible = 0;
			defaultConfigurationName = Release;
		};
/* End XCConfigurationList section */
	};
	rootObject = 182F079623D75E2800DE17AE /* Project object */;
}
